
Microsoft Visual Studio Solution File, Format Version 12.00
# Visual Studio Version 16
VisualStudioVersion = 16.0.31515.178
MinimumVisualStudioVersion = 10.0.40219.1
Project("{2150E333-8FDC-42A3-9474-1A3956D46DE8}") = "src", "src", "{964D0216-8912-46CF-9743-76DCA1028FCF}"
EndProject
Project("{2150E333-8FDC-42A3-9474-1A3956D46DE8}") = "tests", "tests", "{4103321D-4AAE-46B5-901E-9741D72FA009}"
EndProject
Project("{FAE04EC0-301F-11D3-BF4B-00C04F79EFBC}") = "Synel.Domain", "src\Synel.Domain\Synel.Domain.csproj", "{AAB442C7-895B-4F49-99D7-00613E948DD4}"
EndProject
Project("{FAE04EC0-301F-11D3-BF4B-00C04F79EFBC}") = "Synel.Infrastructure", "src\Synel.Infrastructure\Synel.Infrastructure.csproj", "{8A84D05C-0E31-40D2-8013-7172FBB75F14}"
EndProject
Project("{FAE04EC0-301F-11D3-BF4B-00C04F79EFBC}") = "Synel.Web", "src\Synel.Web\Synel.Web.csproj", "{FFC2B428-2151-4221-AF32-BD583574C4A1}"
EndProject
Global
	GlobalSection(SolutionConfigurationPlatforms) = preSolution
		Debug|Any CPU = Debug|Any CPU
		Release|Any CPU = Release|Any CPU
	EndGlobalSection
	GlobalSection(ProjectConfigurationPlatforms) = postSolution
		{AAB442C7-895B-4F49-99D7-00613E948DD4}.Debug|Any CPU.ActiveCfg = Debug|Any CPU
		{AAB442C7-895B-4F49-99D7-00613E948DD4}.Debug|Any CPU.Build.0 = Debug|Any CPU
		{AAB442C7-895B-4F49-99D7-00613E948DD4}.Release|Any CPU.ActiveCfg = Release|Any CPU
		{AAB442C7-895B-4F49-99D7-00613E948DD4}.Release|Any CPU.Build.0 = Release|Any CPU
		{8A84D05C-0E31-40D2-8013-7172FBB75F14}.Debug|Any CPU.ActiveCfg = Debug|Any CPU
		{8A84D05C-0E31-40D2-8013-7172FBB75F14}.Debug|Any CPU.Build.0 = Debug|Any CPU
		{8A84D05C-0E31-40D2-8013-7172FBB75F14}.Release|Any CPU.ActiveCfg = Release|Any CPU
		{8A84D05C-0E31-40D2-8013-7172FBB75F14}.Release|Any CPU.Build.0 = Release|Any CPU
		{FFC2B428-2151-4221-AF32-BD583574C4A1}.Debug|Any CPU.ActiveCfg = Debug|Any CPU
		{FFC2B428-2151-4221-AF32-BD583574C4A1}.Debug|Any CPU.Build.0 = Debug|Any CPU
		{FFC2B428-2151-4221-AF32-BD583574C4A1}.Release|Any CPU.ActiveCfg = Release|Any CPU
		{FFC2B428-2151-4221-AF32-BD583574C4A1}.Release|Any CPU.Build.0 = Release|Any CPU
	EndGlobalSection
	GlobalSection(SolutionProperties) = preSolution
		HideSolutionNode = FALSE
	EndGlobalSection
	GlobalSection(NestedProjects) = preSolution
		{AAB442C7-895B-4F49-99D7-00613E948DD4} = {964D0216-8912-46CF-9743-76DCA1028FCF}
		{8A84D05C-0E31-40D2-8013-7172FBB75F14} = {964D0216-8912-46CF-9743-76DCA1028FCF}
		{FFC2B428-2151-4221-AF32-BD583574C4A1} = {964D0216-8912-46CF-9743-76DCA1028FCF}
	EndGlobalSection
	GlobalSection(ExtensibilityGlobals) = postSolution
		SolutionGuid = {930F40C5-B966-46E0-A524-B194A892E60D}
	EndGlobalSection
EndGlobal
